
Microsoft Visual Studio Solution File, Format Version 12.00
# Visual Studio 15
Project("{FAE04EC0-301F-11D3-BF4B-00C04F79EFBC}") = "Assembly-CSharp", "Assembly-CSharp.csproj", "{AF08F3A3-56C3-C68B-8ABF-2BB1F5044A13}"
EndProject
Project("{FAE04EC0-301F-11D3-BF4B-00C04F79EFBC}") = "Assembly-CSharp-Editor", "Assembly-CSharp-Editor.csproj", "{6E6704A0-17D0-DB93-F7C5-89C20F4BCA45}"
EndProject
Global
	GlobalSection(SolutionConfigurationPlatforms) = preSolution
		Debug|Any CPU = Debug|Any CPU
		Release|Any CPU = Release|Any CPU
	EndGlobalSection
	GlobalSection(ProjectConfigurationPlatforms) = postSolution
		{AF08F3A3-56C3-C68B-8ABF-2BB1F5044A13}.Debug|Any CPU.ActiveCfg = Debug|Any CPU
		{AF08F3A3-56C3-C68B-8ABF-2BB1F5044A13}.Debug|Any CPU.Build.0 = Debug|Any CPU
		{AF08F3A3-56C3-C68B-8ABF-2BB1F5044A13}.Release|Any CPU.ActiveCfg = Release|Any CPU
		{AF08F3A3-56C3-C68B-8ABF-2BB1F5044A13}.Release|Any CPU.Build.0 = Release|Any CPU
		{6E6704A0-17D0-DB93-F7C5-89C20F4BCA45}.Debug|Any CPU.ActiveCfg = Debug|Any CPU
		{6E6704A0-17D0-DB93-F7C5-89C20F4BCA45}.Debug|Any CPU.Build.0 = Debug|Any CPU
		{6E6704A0-17D0-DB93-F7C5-89C20F4BCA45}.Release|Any CPU.ActiveCfg = Release|Any CPU
		{6E6704A0-17D0-DB93-F7C5-89C20F4BCA45}.Release|Any CPU.Build.0 = Release|Any CPU
	EndGlobalSection
	GlobalSection(SolutionProperties) = preSolution
		HideSolutionNode = FALSE
	EndGlobalSection
EndGlobal
